cloud.google.com/go v0.19.0 h1:lsRUy6VQM3ZNma0fk7uhGxEQW3pcc9x1aHI2tVcGsYA=
cloud.google.com/go v0.19.0/go.mod h1:aQUYkXzVsufM+DwF1aE+0xfcU+56JwCaLick0ClmMTw=
github.com/disintegration/imaging v1.3.0 h1:AihaBC+K3RHP7JL8scqq2GgNQhVzMcCYh7gJbAjAvpo=
github.com/disintegration/imaging v1.3.0/go.mod h1:9B/deIUIrliYkyMTuXJd6OUFLcrZ2tf+3Qlwnaf/CjU=
github.com/golang/protobuf v1.0.0 h1:lsek0oXi8iFE9L+EXARyHIjU5rlWIhhTkjDz3vHhWWQ=
github.com/golang/protobuf v1.0.0/go.mod h1:6lQm79b+lXiMfvg/cZm0SGofjICqVBUtrP5yJMmIC1U=
github.com/googleapis/gax-go v2.0.0+incompatible h1:j0GKcs05QVmm7yesiZq2+9cxHkNK9YM6zKx4D2qucQU=
github.com/googleapis/gax-go v2.0.0+incompatible/go.mod h1:SFVmujtThgffbyetf+mdk2eWhX2bMyUtNHzFKcPA9HY=
github.com/rwcarlsen/goexif v0.0.0-20180110181140-17202558c8d9 h1:tvQehuHDsJun8SWPxjYVuEOCFRTq14MTUCB0FRa+vn0=
github.com/rwcarlsen/goexif v0.0.0-20180110181140-17202558c8d9/go.mod h1:hPqNNc0+uJM6H+SuU8sEs5K5IQeKccPqeSjfgcKGgPk=
github.com/satori/go.uuid v1.2.0 h1:0uYX9dsZ2yD7q2RtLRtPSdGDWzjeM3TbMJP9utgA0ww=
github.com/satori/go.uuid v1.2.0/go.mod h1:dA0hQrYB0VpLJoorglMZABFdXlWrHn1NEOzdhQKdks0=
golang.org/x/image v0.0.0-20171214225156-12117c17ca67 h1:L8S612DBEq9tpLTxczHuhrf5il+KEdSha8b5A5njQMc=
golang.org/x/image v0.0.0-20171214225156-12117c17ca67/go.mod h1:ux5Hcp/YLpHSI86hEcLt0YII63i6oz57MZXIpbrjZUs=
golang.org/x/net v0.0.0-20180218175443-cbe0f9307d01 h1:po1f06KS05FvIQQA2pMuOWZAUXiy1KYdIf0ElUU2Hhc=
golang.org/x/net v0.0.0-20180218175443-cbe0f9307d01/go.mod h1:mL1N/T3taQHkDXs73rZJwtUhF3w3ftmwwsq0BUmARs4=
golang.org/x/oauth2 v0.0.0-20180228173056-2f32c3ac0fa4 h1:Q6d4fL/kGYXpYk4o7Und88I/5k3ZSDFQVqgvpE2P34o=
golang.org/x/oauth2 v0.0.0-20180228173056-2f32c3ac0fa4/go.mod h1:N/0e6XlmueqKjAGxoOufVs8QHGRruUQn6yWY3a++T0U=
golang.org/x/text v0.3.0 h1:g61tztE5qeGQ89tm6NTjjM9VPIm088od1l6aSorWRWg=
golang.org/x/text v0.3.0/go.mod h1:NqM8EUOU14njkJ3fqMW+pc6Ldnwhi/IjpwHt7yyuwOQ=
google.golang.org/api v0.0.0-20180222000501-ab90adb3efa2 h1:0j0IG7bTsPC8kvDNquef3nEgRdisHvJRBAmeJZlEgpM=
google.golang.org/api v0.0.0-20180222000501-ab90adb3efa2/go.mod h1:4mhQ8q/RsB7i+udVvVy5NUi08OU8ZlA0gRVgrF7VFY0=
google.golang.org/appengine v1.0.0/go.mod h1:EbEs0AVv82hx2wNQdGPgUI5lhzA/G0D9YwlJXL52JkM=
google.golang.org/genproto v0.0.0-20180226182557-2d9486acae19 h1:8yZC3MVB31XzbJ7PS4dDWYQKqtYdYHPAT9WwMeW01e8=
google.golang.org/genproto v0.0.0-20180226182557-2d9486acae19/go.mod h1:JiN7NxoALGmiZfu7CAH4rXhgtRTLTxftemlI0sWmxmc=
google.golang.org/grpc v1.10.0 h1:C9kRCw/lM10n+54FLMKvGRJbhvJ0+7ipOUuWpLS9xIA=
google.golang.org/grpc v1.10.0/go.mod h1:yo6s7OP7yaDglbqo1J04qKzAhqBH6lvTonzMVmEdcZw=
